
Microsoft Visual Studio Solution File, Format Version 12.00
# 
Project("{FAE04EC0-301F-11D3-BF4B-00C04F79EFBC}") = "MyAirtime.WebAPI", "MyAirtime.WebAPI\MyAirtime.WebAPI.csproj", "{A169F618-7E01-4274-BDBA-2D0EF9C2760A}"
EndProject
Project("{FAE04EC0-301F-11D3-BF4B-00C04F79EFBC}") = "BuyAirtime.Contracts", "BuyAirtime.Contracts\BuyAirtime.Contracts.csproj", "{FA8B2556-2A94-48E5-AC98-19FDFF6A50CB}"
EndProject
Global
	GlobalSection(SolutionConfigurationPlatforms) = preSolution
		Debug|Any CPU = Debug|Any CPU
		Release|Any CPU = Release|Any CPU
	EndGlobalSection
	GlobalSection(ProjectConfigurationPlatforms) = postSolution
		{A169F618-7E01-4274-BDBA-2D0EF9C2760A}.Debug|Any CPU.ActiveCfg = Debug|Any CPU
		{A169F618-7E01-4274-BDBA-2D0EF9C2760A}.Debug|Any CPU.Build.0 = Debug|Any CPU
		{A169F618-7E01-4274-BDBA-2D0EF9C2760A}.Release|Any CPU.ActiveCfg = Release|Any CPU
		{A169F618-7E01-4274-BDBA-2D0EF9C2760A}.Release|Any CPU.Build.0 = Release|Any CPU
		{FA8B2556-2A94-48E5-AC98-19FDFF6A50CB}.Debug|Any CPU.ActiveCfg = Debug|Any CPU
		{FA8B2556-2A94-48E5-AC98-19FDFF6A50CB}.Debug|Any CPU.Build.0 = Debug|Any CPU
		{FA8B2556-2A94-48E5-AC98-19FDFF6A50CB}.Release|Any CPU.ActiveCfg = Release|Any CPU
		{FA8B2556-2A94-48E5-AC98-19FDFF6A50CB}.Release|Any CPU.Build.0 = Release|Any CPU
	EndGlobalSection
EndGlobal
